
Microsoft Visual Studio Solution File, Format Version 12.00
# Visual Studio Version 17
VisualStudioVersion = 17.2.32516.85
MinimumVisualStudioVersion = 10.0.40219.1
Project("{FAE04EC0-301F-11D3-BF4B-00C04F79EFBC}") = "TimesheetsAPI", "TimesheetsAPI\TimesheetsAPI.csproj", "{F82B7F10-C073-4AC3-8002-8335C1B59696}"
EndProject
Global
	GlobalSection(SolutionConfigurationPlatforms) = preSolution
		Debug|Any CPU = Debug|Any CPU
		Release|Any CPU = Release|Any CPU
	EndGlobalSection
	GlobalSection(ProjectConfigurationPlatforms) = postSolution
		{F82B7F10-C073-4AC3-8002-8335C1B59696}.Debug|Any CPU.ActiveCfg = Debug|Any CPU
		{F82B7F10-C073-4AC3-8002-8335C1B59696}.Debug|Any CPU.Build.0 = Debug|Any CPU
		{F82B7F10-C073-4AC3-8002-8335C1B59696}.Release|Any CPU.ActiveCfg = Release|Any CPU
		{F82B7F10-C073-4AC3-8002-8335C1B59696}.Release|Any CPU.Build.0 = Release|Any CPU
	EndGlobalSection
	GlobalSection(SolutionProperties) = preSolution
		HideSolutionNode = FALSE
	EndGlobalSection
	GlobalSection(ExtensibilityGlobals) = postSolution
		SolutionGuid = {5A7811E6-3A3F-4E01-89CF-0983788E4E9B}
	EndGlobalSection
EndGlobal
